// !$*UTF8*$!
{
	archiveVersion = 1;
	classes = {
	};
	objectVersion = 50;
	objects = {

/* Begin PBXBuildFile section */
		529053B52234E64F00D253A8 /* main.swift in Sources */ = {isa = PBXBuildFile; fileRef = 529053B42234E64F00D253A8 /* main.swift */; };
		529053C22234E66A00D253A8 /* lotto_Swift_UnitTest.swift in Sources */ = {isa = PBXBuildFile; fileRef = 529053C12234E66A00D253A8 /* lotto_Swift_UnitTest.swift */; };
		529053C72234E66F00D253A8 /* main.swift in Sources */ = {isa = PBXBuildFile; fileRef = 529053B42234E64F00D253A8 /* main.swift */; };
		529053C92234EB7900D253A8 /* LottoController.swift in Sources */ = {isa = PBXBuildFile; fileRef = 529053C82234EB7900D253A8 /* LottoController.swift */; };
		529053CA2234ECBC00D253A8 /* LottoController.swift in Sources */ = {isa = PBXBuildFile; fileRef = 529053C82234EB7900D253A8 /* LottoController.swift */; };
		529053CC2234F30900D253A8 /* NumGeneratorDelegate.swift in Sources */ = {isa = PBXBuildFile; fileRef = 529053CB2234F30900D253A8 /* NumGeneratorDelegate.swift */; };
		529053CE2234F4BC00D253A8 /* LottoGenerator.swift in Sources */ = {isa = PBXBuildFile; fileRef = 529053CD2234F4BC00D253A8 /* LottoGenerator.swift */; };
		529053D02234F5DD00D253A8 /* FixedLottoGenerator.swift in Sources */ = {isa = PBXBuildFile; fileRef = 529053CF2234F5DD00D253A8 /* FixedLottoGenerator.swift */; };
		529053D22234F66300D253A8 /* WholeLottoNumMaker.swift in Sources */ = {isa = PBXBuildFile; fileRef = 529053D12234F66300D253A8 /* WholeLottoNumMaker.swift */; };
		529053D42234FA6100D253A8 /* FixedLottoGenerator.swift in Sources */ = {isa = PBXBuildFile; fileRef = 529053CF2234F5DD00D253A8 /* FixedLottoGenerator.swift */; };
		529053D52234FA6400D253A8 /* NumGeneratorDelegate.swift in Sources */ = {isa = PBXBuildFile; fileRef = 529053CB2234F30900D253A8 /* NumGeneratorDelegate.swift */; };
		529053D62234FA6700D253A8 /* WholeLottoNumMaker.swift in Sources */ = {isa = PBXBuildFile; fileRef = 529053D12234F66300D253A8 /* WholeLottoNumMaker.swift */; };
		529053D72234FB7300D253A8 /* LottoGenerator.swift in Sources */ = {isa = PBXBuildFile; fileRef = 529053CD2234F4BC00D253A8 /* LottoGenerator.swift */; };
		529053D9223500EA00D253A8 /* Counter.swift in Sources */ = {isa = PBXBuildFile; fileRef = 529053D8223500EA00D253A8 /* Counter.swift */; };
		52E53CA1223CCF8400E3B212 /* WinChecker.swift in Sources */ = {isa = PBXBuildFile; fileRef = 52E53CA0223CCF8400E3B212 /* WinChecker.swift */; };
/* End PBXBuildFile section */

/* Begin PBXCopyFilesBuildPhase section */
		529053AF2234E64F00D253A8 /* CopyFiles */ = {
			isa = PBXCopyFilesBuildPhase;
			buildActionMask = 2147483647;
			dstPath = /usr/share/man/man1/;
			dstSubfolderSpec = 0;
			files = (
			);
			runOnlyForDeploymentPostprocessing = 1;
		};
/* End PBXCopyFilesBuildPhase section */

/* Begin PBXFileReference section */
		529053B12234E64F00D253A8 /* lotto_Swift */ = {isa = PBXFileReference; explicitFileType = "compiled.mach-o.executable"; includeInIndex = 0; path = lotto_Swift; sourceTree = BUILT_PRODUCTS_DIR; };
		529053B42234E64F00D253A8 /* main.swift */ = {isa = PBXFileReference; lastKnownFileType = sourcecode.swift; path = main.swift; sourceTree = "<group>"; };
		529053BF2234E66A00D253A8 /* lotto_Swift_UnitTest.xctest */ = {isa = PBXFileReference; explicitFileType = wrapper.cfbundle; includeInIndex = 0; path = lotto_Swift_UnitTest.xctest; sourceTree = BUILT_PRODUCTS_DIR; };
		529053C12234E66A00D253A8 /* lotto_Swift_UnitTest.swift */ = {isa = PBXFileReference; lastKnownFileType = sourcecode.swift; path = lotto_Swift_UnitTest.swift; sourceTree = "<group>"; };
		529053C32234E66A00D253A8 /* Info.plist */ = {isa = PBXFileReference; lastKnownFileType = text.plist.xml; path = Info.plist; sourceTree = "<group>"; };
		529053C82234EB7900D253A8 /* LottoController.swift */ = {isa = PBXFileReference; lastKnownFileType = sourcecode.swift; path = LottoController.swift; sourceTree = "<group>"; };
		529053CB2234F30900D253A8 /* NumGeneratorDelegate.swift */ = {isa = PBXFileReference; lastKnownFileType = sourcecode.swift; path = NumGeneratorDelegate.swift; sourceTree = "<group>"; };
		529053CD2234F4BC00D253A8 /* LottoGenerator.swift */ = {isa = PBXFileReference; lastKnownFileType = sourcecode.swift; path = LottoGenerator.swift; sourceTree = "<group>"; };
		529053CF2234F5DD00D253A8 /* FixedLottoGenerator.swift */ = {isa = PBXFileReference; lastKnownFileType = sourcecode.swift; path = FixedLottoGenerator.swift; sourceTree = "<group>"; };
		529053D12234F66300D253A8 /* WholeLottoNumMaker.swift */ = {isa = PBXFileReference; lastKnownFileType = sourcecode.swift; path = WholeLottoNumMaker.swift; sourceTree = "<group>"; };
		529053D8223500EA00D253A8 /* Counter.swift */ = {isa = PBXFileReference; lastKnownFileType = sourcecode.swift; path = Counter.swift; sourceTree = "<group>"; };
		52E53CA0223CCF8400E3B212 /* WinChecker.swift */ = {isa = PBXFileReference; lastKnownFileType = sourcecode.swift; path = WinChecker.swift; sourceTree = "<group>"; };
/* End PBXFileReference section */

/* Begin PBXFrameworksBuildPhase section */
		529053AE2234E64F00D253A8 /* Frameworks */ = {
			isa = PBXFrameworksBuildPhase;
			buildActionMask = 2147483647;
			files = (
			);
			runOnlyForDeploymentPostprocessing = 0;
		};
		529053BC2234E66A00D253A8 /* Frameworks */ = {
			isa = PBXFrameworksBuildPhase;
			buildActionMask = 2147483647;
			files = (
			);
			runOnlyForDeploymentPostprocessing = 0;
		};
/* End PBXFrameworksBuildPhase section */

/* Begin PBXGroup section */
		529053A82234E64F00D253A8 = {
			isa = PBXGroup;
			children = (
				529053B32234E64F00D253A8 /* lotto_Swift */,
				529053C02234E66A00D253A8 /* lotto_Swift_UnitTest */,
				529053B22234E64F00D253A8 /* Products */,
			);
			sourceTree = "<group>";
		};
		529053B22234E64F00D253A8 /* Products */ = {
			isa = PBXGroup;
			children = (
				529053B12234E64F00D253A8 /* lotto_Swift */,
				529053BF2234E66A00D253A8 /* lotto_Swift_UnitTest.xctest */,
			);
			name = Products;
			sourceTree = "<group>";
		};
		529053B32234E64F00D253A8 /* lotto_Swift */ = {
			isa = PBXGroup;
			children = (
				529053B42234E64F00D253A8 /* main.swift */,
				529053C82234EB7900D253A8 /* LottoController.swift */,
				529053D8223500EA00D253A8 /* Counter.swift */,
				529053D12234F66300D253A8 /* WholeLottoNumMaker.swift */,
				52E53C9F223CCEF800E3B212 /* WinChecker */,
				529053DA2235070300D253A8 /* LottoGenerators */,
			);
			path = lotto_Swift;
			sourceTree = "<group>";
		};
		529053C02234E66A00D253A8 /* lotto_Swift_UnitTest */ = {
			isa = PBXGroup;
			children = (
				529053C12234E66A00D253A8 /* lotto_Swift_UnitTest.swift */,
				529053C32234E66A00D253A8 /* Info.plist */,
			);
			path = lotto_Swift_UnitTest;
			sourceTree = "<group>";
		};
		529053DA2235070300D253A8 /* LottoGenerators */ = {
			isa = PBXGroup;
			children = (
				529053CB2234F30900D253A8 /* NumGeneratorDelegate.swift */,
				529053CD2234F4BC00D253A8 /* LottoGenerator.swift */,
				529053CF2234F5DD00D253A8 /* FixedLottoGenerator.swift */,
			);
			path = LottoGenerators;
			sourceTree = "<group>";
		};
		52E53C9F223CCEF800E3B212 /* WinChecker */ = {
			isa = PBXGroup;
			children = (
				52E53CA0223CCF8400E3B212 /* WinChecker.swift */,
			);
			path = WinChecker;
			sourceTree = "<group>";
		};
/* End PBXGroup section */

/* Begin PBXNativeTarget section */
		529053B02234E64F00D253A8 /* lotto_Swift */ = {
			isa = PBXNativeTarget;
			buildConfigurationList = 529053B82234E64F00D253A8 /* Build configuration list for PBXNativeTarget "lotto_Swift" */;
			buildPhases = (
				529053AD2234E64F00D253A8 /* Sources */,
				529053AE2234E64F00D253A8 /* Frameworks */,
				529053AF2234E64F00D253A8 /* CopyFiles */,
			);
			buildRules = (
			);
			dependencies = (
			);
			name = lotto_Swift;
			productName = lotto_Swift;
			productReference = 529053B12234E64F00D253A8 /* lotto_Swift */;
			productType = "com.apple.product-type.tool";
		};
		529053BE2234E66A00D253A8 /* lotto_Swift_UnitTest */ = {
			isa = PBXNativeTarget;
			buildConfigurationList = 529053C42234E66A00D253A8 /* Build configuration list for PBXNativeTarget "lotto_Swift_UnitTest" */;
			buildPhases = (
				529053BB2234E66A00D253A8 /* Sources */,
				529053BC2234E66A00D253A8 /* Frameworks */,
				529053BD2234E66A00D253A8 /* Resources */,
			);
			buildRules = (
			);
			dependencies = (
			);
			name = lotto_Swift_UnitTest;
			productName = lotto_Swift_UnitTest;
			productReference = 529053BF2234E66A00D253A8 /* lotto_Swift_UnitTest.xctest */;
			productType = "com.apple.product-type.bundle.unit-test";
		};
/* End PBXNativeTarget section */

/* Begin PBXProject section */
		529053A92234E64F00D253A8 /* Project object */ = {
			isa = PBXProject;
			attributes = {
				LastSwiftUpdateCheck = 1010;
				LastUpgradeCheck = 1010;
				ORGANIZATIONNAME = CCStudy;
				TargetAttributes = {
					529053B02234E64F00D253A8 = {
						CreatedOnToolsVersion = 10.1;
					};
					529053BE2234E66A00D253A8 = {
						CreatedOnToolsVersion = 10.1;
					};
				};
			};
			buildConfigurationList = 529053AC2234E64F00D253A8 /* Build configuration list for PBXProject "lotto_Swift" */;
			compatibilityVersion = "Xcode 9.3";
			developmentRegion = en;
			hasScannedForEncodings = 0;
			knownRegions = (
				en,
			);
			mainGroup = 529053A82234E64F00D253A8;
			productRefGroup = 529053B22234E64F00D253A8 /* Products */;
			projectDirPath = "";
			projectRoot = "";
			targets = (
				529053B02234E64F00D253A8 /* lotto_Swift */,
				529053BE2234E66A00D253A8 /* lotto_Swift_UnitTest */,
			);
		};
/* End PBXProject section */

/* Begin PBXResourcesBuildPhase section */
		529053BD2234E66A00D253A8 /* Resources */ = {
			isa = PBXResourcesBuildPhase;
			buildActionMask = 2147483647;
			files = (
			);
			runOnlyForDeploymentPostprocessing = 0;
		};
/* End PBXResourcesBuildPhase section */

/* Begin PBXSourcesBuildPhase section */
		529053AD2234E64F00D253A8 /* Sources */ = {
			isa = PBXSourcesBuildPhase;
			buildActionMask = 2147483647;
			files = (
				529053CE2234F4BC00D253A8 /* LottoGenerator.swift in Sources */,
				529053D9223500EA00D253A8 /* Counter.swift in Sources */,
				529053CC2234F30900D253A8 /* NumGeneratorDelegate.swift in Sources */,
				529053D22234F66300D253A8 /* WholeLottoNumMaker.swift in Sources */,
				529053D02234F5DD00D253A8 /* FixedLottoGenerator.swift in Sources */,
				529053C92234EB7900D253A8 /* LottoController.swift in Sources */,
				52E53CA1223CCF8400E3B212 /* WinChecker.swift in Sources */,
				529053B52234E64F00D253A8 /* main.swift in Sources */,
			);
			runOnlyForDeploymentPostprocessing = 0;
		};
		529053BB2234E66A00D253A8 /* Sources */ = {
			isa = PBXSourcesBuildPhase;
			buildActionMask = 2147483647;
			files = (
				529053C72234E66F00D253A8 /* main.swift in Sources */,
				529053D42234FA6100D253A8 /* FixedLottoGenerator.swift in Sources */,
				529053D62234FA6700D253A8 /* WholeLottoNumMaker.swift in Sources */,
				529053C22234E66A00D253A8 /* lotto_Swift_UnitTest.swift in Sources */,
				529053D72234FB7300D253A8 /* LottoGenerator.swift in Sources */,
				529053D52234FA6400D253A8 /* NumGeneratorDelegate.swift in Sources */,
				529053CA2234ECBC00D253A8 /* LottoController.swift in Sources */,
			);
			runOnlyForDeploymentPostprocessing = 0;
		};
/* End PBXSourcesBuildPhase section */

/* Begin XCBuildConfiguration section */
		529053B62234E64F00D253A8 /* Debug */ = {
			isa = XCBuildConfiguration;
			buildSettings = {
				ALWAYS_SEARCH_USER_PATHS = NO;
				CLANG_ANALYZER_NONNULL = YES;
				CLANG_ANALYZER_NUMBER_OBJECT_CONVERSION = YES_AGGRESSIVE;
				CLANG_CXX_LANGUAGE_STANDARD = "gnu++14";
				CLANG_CXX_LIBRARY = "libc++";
				CLANG_ENABLE_MODULES = YES;
				CLANG_ENABLE_OBJC_ARC = YES;
				CLANG_ENABLE_OBJC_WEAK = YES;
				CLANG_WARN_BLOCK_CAPTURE_AUTORELEASING = YES;
				CLANG_WARN_BOOL_CONVERSION = YES;
				CLANG_WARN_COMMA = YES;
				CLANG_WARN_CONSTANT_CONVERSION = YES;
				CLANG_WARN_DEPRECATED_OBJC_IMPLEMENTATIONS = YES;
				CLANG_WARN_DIRECT_OBJC_ISA_USAGE = YES_ERROR;
				CLANG_WARN_DOCUMENTATION_COMMENTS = YES;
				CLANG_WARN_EMPTY_BODY = YES;
				CLANG_WARN_ENUM_CONVERSION = YES;
				CLANG_WARN_INFINITE_RECURSION = YES;
				CLANG_WARN_INT_CONVERSION = YES;
				CLANG_WARN_NON_LITERAL_NULL_CONVERSION = YES;
				CLANG_WARN_OBJC_IMPLICIT_RETAIN_SELF = YES;
				CLANG_WARN_OBJC_LITERAL_CONVERSION = YES;
				CLANG_WARN_OBJC_ROOT_CLASS = YES_ERROR;
				CLANG_WARN_RANGE_LOOP_ANALYSIS = YES;
				CLANG_WARN_STRICT_PROTOTYPES = YES;
				CLANG_WARN_SUSPICIOUS_MOVE = YES;
				CLANG_WARN_UNGUARDED_AVAILABILITY = YES_AGGRESSIVE;
				CLANG_WARN_UNREACHABLE_CODE = YES;
				CLANG_WARN__DUPLICATE_METHOD_MATCH = YES;
				CODE_SIGN_IDENTITY = "Mac Developer";
				COPY_PHASE_STRIP = NO;
				DEBUG_INFORMATION_FORMAT = dwarf;
				ENABLE_STRICT_OBJC_MSGSEND = YES;
				ENABLE_TESTABILITY = YES;
				GCC_C_LANGUAGE_STANDARD = gnu11;
				GCC_DYNAMIC_NO_PIC = NO;
				GCC_NO_COMMON_BLOCKS = YES;
				GCC_OPTIMIZATION_LEVEL = 0;
				GCC_PREPROCESSOR_DEFINITIONS = (
					"DEBUG=1",
					"$(inherited)",
				);
				GCC_WARN_64_TO_32_BIT_CONVERSION = YES;
				GCC_WARN_ABOUT_RETURN_TYPE = YES_ERROR;
				GCC_WARN_UNDECLARED_SELECTOR = YES;
				GCC_WARN_UNINITIALIZED_AUTOS = YES_AGGRESSIVE;
				GCC_WARN_UNUSED_FUNCTION = YES;
				GCC_WARN_UNUSED_VARIABLE = YES;
				MACOSX_DEPLOYMENT_TARGET = 10.14;
				MTL_ENABLE_DEBUG_INFO = INCLUDE_SOURCE;
				MTL_FAST_MATH = YES;
				ONLY_ACTIVE_ARCH = YES;
				SDKROOT = macosx;
				SWIFT_ACTIVE_COMPILATION_CONDITIONS = DEBUG;
				SWIFT_OPTIMIZATION_LEVEL = "-Onone";
			};
			name = Debug;
		};
		529053B72234E64F00D253A8 /* Release */ = {
			isa = XCBuildConfiguration;
			buildSettings = {
				ALWAYS_SEARCH_USER_PATHS = NO;
				CLANG_ANALYZER_NONNULL = YES;
				CLANG_ANALYZER_NUMBER_OBJECT_CONVERSION = YES_AGGRESSIVE;
				CLANG_CXX_LANGUAGE_STANDARD = "gnu++14";
				CLANG_CXX_LIBRARY = "libc++";
				CLANG_ENABLE_MODULES = YES;
				CLANG_ENABLE_OBJC_ARC = YES;
				CLANG_ENABLE_OBJC_WEAK = YES;
				CLANG_WARN_BLOCK_CAPTURE_AUTORELEASING = YES;
				CLANG_WARN_BOOL_CONVERSION = YES;
				CLANG_WARN_COMMA = YES;
				CLANG_WARN_CONSTANT_CONVERSION = YES;
				CLANG_WARN_DEPRECATED_OBJC_IMPLEMENTATIONS = YES;
				CLANG_WARN_DIRECT_OBJC_ISA_USAGE = YES_ERROR;
				CLANG_WARN_DOCUMENTATION_COMMENTS = YES;
				CLANG_WARN_EMPTY_BODY = YES;
				CLANG_WARN_ENUM_CONVERSION = YES;
				CLANG_WARN_INFINITE_RECURSION = YES;
				CLANG_WARN_INT_CONVERSION = YES;
				CLANG_WARN_NON_LITERAL_NULL_CONVERSION = YES;
				CLANG_WARN_OBJC_IMPLICIT_RETAIN_SELF = YES;
				CLANG_WARN_OBJC_LITERAL_CONVERSION = YES;
				CLANG_WARN_OBJC_ROOT_CLASS = YES_ERROR;
				CLANG_WARN_RANGE_LOOP_ANALYSIS = YES;
				CLANG_WARN_STRICT_PROTOTYPES = YES;
				CLANG_WARN_SUSPICIOUS_MOVE = YES;
				CLANG_WARN_UNGUARDED_AVAILABILITY = YES_AGGRESSIVE;
				CLANG_WARN_UNREACHABLE_CODE = YES;
				CLANG_WARN__DUPLICATE_METHOD_MATCH = YES;
				CODE_SIGN_IDENTITY = "Mac Developer";
				COPY_PHASE_STRIP = NO;
				DEBUG_INFORMATION_FORMAT = "dwarf-with-dsym";
				ENABLE_NS_ASSERTIONS = NO;
				ENABLE_STRICT_OBJC_MSGSEND = YES;
				GCC_C_LANGUAGE_STANDARD = gnu11;
				GCC_NO_COMMON_BLOCKS = YES;
				GCC_WARN_64_TO_32_BIT_CONVERSION = YES;
				GCC_WARN_ABOUT_RETURN_TYPE = YES_ERROR;
				GCC_WARN_UNDECLARED_SELECTOR = YES;
				GCC_WARN_UNINITIALIZED_AUTOS = YES_AGGRESSIVE;
				GCC_WARN_UNUSED_FUNCTION = YES;
				GCC_WARN_UNUSED_VARIABLE = YES;
				MACOSX_DEPLOYMENT_TARGET = 10.14;
				MTL_ENABLE_DEBUG_INFO = NO;
				MTL_FAST_MATH = YES;
				SDKROOT = macosx;
				SWIFT_COMPILATION_MODE = wholemodule;
				SWIFT_OPTIMIZATION_LEVEL = "-O";
			};
			name = Release;
		};
		529053B92234E64F00D253A8 /* Debug */ = {
			isa = XCBuildConfiguration;
			buildSettings = {
				CODE_SIGN_STYLE = Automatic;
				DEVELOPMENT_TEAM = KB65UR5HX8;
				PRODUCT_NAME = "$(TARGET_NAME)";
				SWIFT_VERSION = 4.2;
			};
			name = Debug;
		};
		529053BA2234E64F00D253A8 /* Release */ = {
			isa = XCBuildConfiguration;
			buildSettings = {
				CODE_SIGN_STYLE = Automatic;
				DEVELOPMENT_TEAM = KB65UR5HX8;
				PRODUCT_NAME = "$(TARGET_NAME)";
				SWIFT_VERSION = 4.2;
			};
			name = Release;
		};
		529053C52234E66A00D253A8 /* Debug */ = {
			isa = XCBuildConfiguration;
			buildSettings = {
				CODE_SIGN_STYLE = Automatic;
				COMBINE_HIDPI_IMAGES = YES;
				DEVELOPMENT_TEAM = KB65UR5HX8;
				INFOPLIST_FILE = lotto_Swift_UnitTest/Info.plist;
				LD_RUNPATH_SEARCH_PATHS = (
					"$(inherited)",
					"@executable_path/../Frameworks",
					"@loader_path/../Frameworks",
				);
				PRODUCT_BUNDLE_IDENTIFIER = "CCStudy.lotto-Swift-UnitTest";
				PRODUCT_NAME = "$(TARGET_NAME)";
				SWIFT_VERSION = 4.2;
			};
			name = Debug;
		};
		529053C62234E66A00D253A8 /* Release */ = {
			isa = XCBuildConfiguration;
			buildSettings = {
				CODE_SIGN_STYLE = Automatic;
				COMBINE_HIDPI_IMAGES = YES;
				DEVELOPMENT_TEAM = KB65UR5HX8;
				INFOPLIST_FILE = lotto_Swift_UnitTest/Info.plist;
				LD_RUNPATH_SEARCH_PATHS = (
					"$(inherited)",
					"@executable_path/../Frameworks",
					"@loader_path/../Frameworks",
				);
				PRODUCT_BUNDLE_IDENTIFIER = "CCStudy.lotto-Swift-UnitTest";
				PRODUCT_NAME = "$(TARGET_NAME)";
				SWIFT_VERSION = 4.2;
			};
			name = Release;
		};
/* End XCBuildConfiguration section */

/* Begin XCConfigurationList section */
		529053AC2234E64F00D253A8 /* Build configuration list for PBXProject "lotto_Swift" */ = {
			isa = XCConfigurationList;
			buildConfigurations = (
				529053B62234E64F00D253A8 /* Debug */,
				529053B72234E64F00D253A8 /* Release */,
			);
			defaultConfigurationIsVisible = 0;
			defaultConfigurationName = Release;
		};
		529053B82234E64F00D253A8 /* Build configuration list for PBXNativeTarget "lotto_Swift" */ = {
			isa = XCConfigurationList;
			buildConfigurations = (
				529053B92234E64F00D253A8 /* Debug */,
				529053BA2234E64F00D253A8 /* Release */,
			);
			defaultConfigurationIsVisible = 0;
			defaultConfigurationName = Release;
		};
		529053C42234E66A00D253A8 /* Build configuration list for PBXNativeTarget "lotto_Swift_UnitTest" */ = {
			isa = XCConfigurationList;
			buildConfigurations = (
				529053C52234E66A00D253A8 /* Debug */,
				529053C62234E66A00D253A8 /* Release */,
			);
			defaultConfigurationIsVisible = 0;
			defaultConfigurationName = Release;
		};
/* End XCConfigurationList section */
	};
	rootObject = 529053A92234E64F00D253A8 /* Project object */;
}
